{
  "lockfileVersion": 1,
  "workspaces": {
    "": {
      "name": "login-page",
      "dependencies": {
        "bun": "latest",
        "bun-jwt": "^1.0.1",
      },
    },
  },
  "packages": {
    "@oven/bun-darwin-aarch64": ["@oven/bun-darwin-aarch64@1.2.19", "", { "os": "darwin", "cpu": "arm64" }, "sha512-pJBuez9gwR03Wjtk4hSSBA6QgNdhvPLbrxU4DDzVY8Ee+Q67xNkU0CMK6rFdQF8Qetj2R+Vf8AJDlwAc1QdG1w=="],

    "@oven/bun-darwin-x64": ["@oven/bun-darwin-x64@1.2.19", "", { "os": "darwin", "cpu": "x64" }, "sha512-dsgmgDOG++JsQ3wXEyTiUzhT/4wqcnAxfCQOPho6LgosVUPs6etn01uA1yCySjSk8DrugQIivXB2TaqoOrhKJg=="],

    "@oven/bun-darwin-x64-baseline": ["@oven/bun-darwin-x64-baseline@1.2.19", "", { "os": "darwin", "cpu": "x64" }, "sha512-fOqbLeP3MoSbeosykTp1+BYSKDJxdjWKyxbPqHTJK2Mnt78+LPTE2yQbCzUL5LBLSRVkIxbTyIcEZxVg3eJmYg=="],

    "@oven/bun-linux-aarch64": ["@oven/bun-linux-aarch64@1.2.19", "", { "os": "linux", "cpu": "arm64" }, "sha512-G4WYbvpfrR5dLBZQoNmYzt8DBguMpPeCz6feU3Qv9E6NmA3xiqyItyDAVgDJrllPk6hvbMi9dYNxXn0NVTjMfw=="],

    "@oven/bun-linux-aarch64-musl": ["@oven/bun-linux-aarch64-musl@1.2.19", "", { "os": "linux", "cpu": "none" }, "sha512-awB1ZEh7AbxXGemT/d33F6F4bwClWSFjhcatrweG5o5gh16c4pBKTldg/TUY9EEFrQJVyYQklgl/D919GDLTFA=="],

    "@oven/bun-linux-x64": ["@oven/bun-linux-x64@1.2.19", "", { "os": "linux", "cpu": "x64" }, "sha512-vGhkEtcaPQjizoVAo+1hsVTixarOWxVgwbYZHgoi/pGGIdWWBGNlWnIUQirOv8JVtCMnzkYqrPMHR3EqSvQoFg=="],

    "@oven/bun-linux-x64-baseline": ["@oven/bun-linux-x64-baseline@1.2.19", "", { "os": "linux", "cpu": "x64" }, "sha512-gMp1J9fZ1eOrCM0jQblCWRMiU9t3a+wyyHtb0DdHVZpgSdGJ5UpWATfTYFUbmckgVfCJ6Qo8YSMcmtxRtPYgww=="],

    "@oven/bun-linux-x64-musl": ["@oven/bun-linux-x64-musl@1.2.19", "", { "os": "linux", "cpu": "x64" }, "sha512-nUBP55pR8hpAZ9omKxkX1SmyEPcTL/ZMgnirC3BdFAec99uqijq8XEWWfSDAmpI8D428vjIhbafArmbutRR1VQ=="],

    "@oven/bun-linux-x64-musl-baseline": ["@oven/bun-linux-x64-musl-baseline@1.2.19", "", { "os": "linux", "cpu": "x64" }, "sha512-9NkUMndXwSyDiDOwCtYoxdXIqg+f30dVm0FwZOUJp8SSuhx8Vaadc5gzzC+A8cGie/IwVchWzJw+mWLStAM8HQ=="],

    "@oven/bun-windows-x64": ["@oven/bun-windows-x64@1.2.19", "", { "os": "win32", "cpu": "x64" }, "sha512-5OIPUl8fKT/tpxX6pOJUfoAR32k9YdmXbte0zwahIVhyjCyFh0HKQHbfSeJZYV2AzVWbnELszDLRRLnzVbzYSQ=="],

    "@oven/bun-windows-x64-baseline": ["@oven/bun-windows-x64-baseline@1.2.19", "", { "os": "win32", "cpu": "x64" }, "sha512-OiD1xoVQuj8JHbrDqCQE3sU5r8VIaB9cCDym7BTnnMQLYzZxYEWWvBub8fc/yK7ctuoAS6V+p74Qda6RhDRHpg=="],

    "bun": ["bun@1.2.19", "", { "optionalDependencies": { "@oven/bun-darwin-aarch64": "1.2.19", "@oven/bun-darwin-x64": "1.2.19", "@oven/bun-darwin-x64-baseline": "1.2.19", "@oven/bun-linux-aarch64": "1.2.19", "@oven/bun-linux-aarch64-musl": "1.2.19", "@oven/bun-linux-x64": "1.2.19", "@oven/bun-linux-x64-baseline": "1.2.19", "@oven/bun-linux-x64-musl": "1.2.19", "@oven/bun-linux-x64-musl-baseline": "1.2.19", "@oven/bun-windows-x64": "1.2.19", "@oven/bun-windows-x64-baseline": "1.2.19" }, "os": [ "linux", "win32", "darwin", ], "cpu": [ "x64", "arm64", ], "bin": { "bun": "bin/bun.exe", "bunx": "bin/bunx.exe" } }, "sha512-P70KUfH9cvgcl8Hjvamr98NinEatV23yX6qaY7z1+3rBPdds0oVX0u6FfrYnWc8F3ayFQ4do6/6xBLWY4itJkQ=="],

    "bun-jwt": ["bun-jwt@1.0.1", "", { "dependencies": { "jose": "^5.5.0" }, "peerDependencies": { "typescript": "^5.0.0" } }, "sha512-i/Y31hF1NBqhUyrvEU/iid7BJ1ktzkqvqZPOM/+e5N0GpwAsq6S7ybRA+8mOAVMugSJcX3RvAy5JlViHwakPQw=="],

    "jose": ["jose@5.10.0", "", {}, "sha512-s+3Al/p9g32Iq+oqXxkW//7jk2Vig6FF1CFqzVXoTUXt2qz89YWbL+OwS17NFYEvxC35n0FKeGO2LGYSxeM2Gg=="],

    "typescript": ["typescript@5.8.3", "", { "bin": { "tsc": "bin/tsc", "tsserver": "bin/tsserver" } }, "sha512-p1diW6TqL9L07nNxvRMM7hMMw4c5XOo/1ibL4aAIGmSAt9slTE1Xgw5KWuof2uTOvCg9BY7ZRi+GaF+7sfgPeQ=="],
  }
}
